
Microsoft Visual Studio Solution File, Format Version 12.00
# Visual Studio Version 17
VisualStudioVersion = 17.7.34009.444
MinimumVisualStudioVersion = 10.0.40219.1
Project("{FAE04EC0-301F-11D3-BF4B-00C04F79EFBC}") = "lesson1", "lesson1.csproj", "{BDB93098-FD9E-4578-B400-768369411030}"
EndProject
Global
	GlobalSection(SolutionConfigurationPlatforms) = preSolution
		Debug|Any CPU = Debug|Any CPU
		Release|Any CPU = Release|Any CPU
	EndGlobalSection
	GlobalSection(ProjectConfigurationPlatforms) = postSolution
		{BDB93098-FD9E-4578-B400-768369411030}.Debug|Any CPU.ActiveCfg = Debug|Any CPU
		{BDB93098-FD9E-4578-B400-768369411030}.Debug|Any CPU.Build.0 = Debug|Any CPU
		{BDB93098-FD9E-4578-B400-768369411030}.Release|Any CPU.ActiveCfg = Release|Any CPU
		{BDB93098-FD9E-4578-B400-768369411030}.Release|Any CPU.Build.0 = Release|Any CPU
	EndGlobalSection
	GlobalSection(SolutionProperties) = preSolution
		HideSolutionNode = FALSE
	EndGlobalSection
	GlobalSection(ExtensibilityGlobals) = postSolution
		SolutionGuid = {1906A0AF-6566-4FB3-B7D0-4E353DD3D6A8}
	EndGlobalSection
EndGlobal
